
Microsoft Visual Studio Solution File, Format Version 12.00
# Visual Studio Version 17
VisualStudioVersion = 17.8.34322.80
MinimumVisualStudioVersion = 10.0.40219.1
Project("{FAE04EC0-301F-11D3-BF4B-00C04F79EFBC}") = "FlowerApp", "FlowerApp.csproj", "{A27B987C-C8CC-46F7-A9D1-5EB4DBAD46B1}"
EndProject
Global
	GlobalSection(SolutionConfigurationPlatforms) = preSolution
		Debug|Any CPU = Debug|Any CPU
		Release|Any CPU = Release|Any CPU
	EndGlobalSection
	GlobalSection(ProjectConfigurationPlatforms) = postSolution
		{A27B987C-C8CC-46F7-A9D1-5EB4DBAD46B1}.Debug|Any CPU.ActiveCfg = Debug|Any CPU
		{A27B987C-C8CC-46F7-A9D1-5EB4DBAD46B1}.Debug|Any CPU.Build.0 = Debug|Any CPU
		{A27B987C-C8CC-46F7-A9D1-5EB4DBAD46B1}.Release|Any CPU.ActiveCfg = Release|Any CPU
		{A27B987C-C8CC-46F7-A9D1-5EB4DBAD46B1}.Release|Any CPU.Build.0 = Release|Any CPU
	EndGlobalSection
	GlobalSection(SolutionProperties) = preSolution
		HideSolutionNode = FALSE
	EndGlobalSection
	GlobalSection(ExtensibilityGlobals) = postSolution
		SolutionGuid = {4C5FD152-EB78-4058-9CB9-E5A38AFC4E5D}
	EndGlobalSection
EndGlobal
